
Microsoft Visual Studio Solution File, Format Version 12.00
# Visual Studio 15
VisualStudioVersion = 15.0.28307.572
MinimumVisualStudioVersion = 10.0.40219.1
Project("{8BC9CEB8-8B4A-11D0-8D11-00A0C91BC942}") = "HrvatskaLutrija", "HrvatskaLutrija.vcxproj", "{196314C9-8972-4FDC-B851-FA4D3BD79A03}"
EndProject
Global
	GlobalSection(SolutionConfigurationPlatforms) = preSolution
		Debug|x64 = Debug|x64
		Debug|x86 = Debug|x86
		Release|x64 = Release|x64
		Release|x86 = Release|x86
	EndGlobalSection
	GlobalSection(ProjectConfigurationPlatforms) = postSolution
		{196314C9-8972-4FDC-B851-FA4D3BD79A03}.Debug|x64.ActiveCfg = Debug|x64
		{196314C9-8972-4FDC-B851-FA4D3BD79A03}.Debug|x64.Build.0 = Debug|x64
		{196314C9-8972-4FDC-B851-FA4D3BD79A03}.Debug|x86.ActiveCfg = Debug|Win32
		{196314C9-8972-4FDC-B851-FA4D3BD79A03}.Debug|x86.Build.0 = Debug|Win32
		{196314C9-8972-4FDC-B851-FA4D3BD79A03}.Release|x64.ActiveCfg = Release|x64
		{196314C9-8972-4FDC-B851-FA4D3BD79A03}.Release|x64.Build.0 = Release|x64
		{196314C9-8972-4FDC-B851-FA4D3BD79A03}.Release|x86.ActiveCfg = Release|Win32
		{196314C9-8972-4FDC-B851-FA4D3BD79A03}.Release|x86.Build.0 = Release|Win32
	EndGlobalSection
	GlobalSection(SolutionProperties) = preSolution
		HideSolutionNode = FALSE
	EndGlobalSection
	GlobalSection(ExtensibilityGlobals) = postSolution
		SolutionGuid = {BB598C39-A613-47AC-99F0-71E3EAA2C4EE}
	EndGlobalSection
EndGlobal
